
Microsoft Visual Studio Solution File, Format Version 12.00
# Visual Studio Version 16
VisualStudioVersion = 16.0.29503.13
MinimumVisualStudioVersion = 10.0.40219.1
Project("{FAE04EC0-301F-11D3-BF4B-00C04F79EFBC}") = "SiHan.Asp.Logger", "SiHan.Asp.Logger\SiHan.Asp.Logger.csproj", "{51AA72B7-D1C2-47D6-89A4-228CDD68DBEE}"
EndProject
Global
	GlobalSection(SolutionConfigurationPlatforms) = preSolution
		Debug|Any CPU = Debug|Any CPU
		Release|Any CPU = Release|Any CPU
	EndGlobalSection
	GlobalSection(ProjectConfigurationPlatforms) = postSolution
		{51AA72B7-D1C2-47D6-89A4-228CDD68DBEE}.Debug|Any CPU.ActiveCfg = Debug|Any CPU
		{51AA72B7-D1C2-47D6-89A4-228CDD68DBEE}.Debug|Any CPU.Build.0 = Debug|Any CPU
		{51AA72B7-D1C2-47D6-89A4-228CDD68DBEE}.Release|Any CPU.ActiveCfg = Release|Any CPU
		{51AA72B7-D1C2-47D6-89A4-228CDD68DBEE}.Release|Any CPU.Build.0 = Release|Any CPU
	EndGlobalSection
	GlobalSection(SolutionProperties) = preSolution
		HideSolutionNode = FALSE
	EndGlobalSection
	GlobalSection(ExtensibilityGlobals) = postSolution
		SolutionGuid = {538BD6F8-CE3B-42E4-8ED0-62F055AD3D2B}
	EndGlobalSection
EndGlobal
